
Microsoft Visual Studio Solution File, Format Version 12.00
# Visual Studio Version 17
VisualStudioVersion = 17.6.33829.357
MinimumVisualStudioVersion = 10.0.40219.1
Project("{FAE04EC0-301F-11D3-BF4B-00C04F79EFBC}") = "PeopleGetter", "PeopleGetter\PeopleGetter.csproj", "{452C232E-2E50-4826-A136-5213B7C55E62}"
EndProject
Global
	GlobalSection(SolutionConfigurationPlatforms) = preSolution
		Debug|Any CPU = Debug|Any CPU
		Release|Any CPU = Release|Any CPU
	EndGlobalSection
	GlobalSection(ProjectConfigurationPlatforms) = postSolution
		{452C232E-2E50-4826-A136-5213B7C55E62}.Debug|Any CPU.ActiveCfg = Debug|Any CPU
		{452C232E-2E50-4826-A136-5213B7C55E62}.Debug|Any CPU.Build.0 = Debug|Any CPU
		{452C232E-2E50-4826-A136-5213B7C55E62}.Release|Any CPU.ActiveCfg = Release|Any CPU
		{452C232E-2E50-4826-A136-5213B7C55E62}.Release|Any CPU.Build.0 = Release|Any CPU
	EndGlobalSection
	GlobalSection(SolutionProperties) = preSolution
		HideSolutionNode = FALSE
	EndGlobalSection
	GlobalSection(ExtensibilityGlobals) = postSolution
		SolutionGuid = {D59647F8-B61B-4DF4-A793-F206662629B5}
	EndGlobalSection
EndGlobal
